Microsoft Visual Studio Solution File, Format Version 12.00
# Visual Studio Version 17
VisualStudioVersion = 17.5.2.0
MinimumVisualStudioVersion = 10.0.40219.1
Project("{FAE04EC0-301F-11D3-BF4B-00C04F79EFBC}") = "CallCenterBackend", "CallCenterBackend.csproj", "{37ED3947-A8BC-AFD4-1F6F-EFD106E247FE}"
EndProject
Global
	GlobalSection(SolutionConfigurationPlatforms) = preSolution
		Debug|Any CPU = Debug|Any CPU
		Release|Any CPU = Release|Any CPU
	EndGlobalSection
	GlobalSection(ProjectConfigurationPlatforms) = postSolution
		{37ED3947-A8BC-AFD4-1F6F-EFD106E247FE}.Debug|Any CPU.ActiveCfg = Debug|Any CPU
		{37ED3947-A8BC-AFD4-1F6F-EFD106E247FE}.Debug|Any CPU.Build.0 = Debug|Any CPU
		{37ED3947-A8BC-AFD4-1F6F-EFD106E247FE}.Release|Any CPU.ActiveCfg = Release|Any CPU
		{37ED3947-A8BC-AFD4-1F6F-EFD106E247FE}.Release|Any CPU.Build.0 = Release|Any CPU
	EndGlobalSection
	GlobalSection(SolutionProperties) = preSolution
		HideSolutionNode = FALSE
	EndGlobalSection
	GlobalSection(ExtensibilityGlobals) = postSolution
		SolutionGuid = {A72092FD-7FE5-4BA0-BDA0-1AC01EB5B68D}
	EndGlobalSection
EndGlobal
